
Microsoft Visual Studio Solution File, Format Version 12.00
# Visual Studio Version 16
VisualStudioVersion = 16.0.29123.88
MinimumVisualStudioVersion = 10.0.40219.1
Project("{FAE04EC0-301F-11D3-BF4B-00C04F79EFBC}") = "ML.NET.SqlTrace", "ML.NET.SqlTrace\ML.NET.SqlTrace.csproj", "{5329A058-1CC7-4F09-9416-A665841BDB44}"
EndProject
Global
	GlobalSection(SolutionConfigurationPlatforms) = preSolution
		Debug|Any CPU = Debug|Any CPU
		Release|Any CPU = Release|Any CPU
	EndGlobalSection
	GlobalSection(ProjectConfigurationPlatforms) = postSolution
		{5329A058-1CC7-4F09-9416-A665841BDB44}.Debug|Any CPU.ActiveCfg = Debug|Any CPU
		{5329A058-1CC7-4F09-9416-A665841BDB44}.Debug|Any CPU.Build.0 = Debug|Any CPU
		{5329A058-1CC7-4F09-9416-A665841BDB44}.Release|Any CPU.ActiveCfg = Release|Any CPU
		{5329A058-1CC7-4F09-9416-A665841BDB44}.Release|Any CPU.Build.0 = Release|Any CPU
	EndGlobalSection
	GlobalSection(SolutionProperties) = preSolution
		HideSolutionNode = FALSE
	EndGlobalSection
	GlobalSection(ExtensibilityGlobals) = postSolution
		SolutionGuid = {082C3E24-D731-4509-9D32-AAD641AA0B5D}
	EndGlobalSection
EndGlobal
